# Exact reproducible dependency set for pathiel (library + dev extras).
# pyproject.toml keeps loose ranges for the library; this lock pins everything
# CI and prod actually install, so a build today is the same build in a year.
# --universal + --python-version 3.11 (the floor in pyproject.toml, and what
# Dockerfile's python:3.11-slim runs) produces one file valid for the whole
# CI matrix (3.11, 3.12) via environment markers, not a per-version lock.
#
# Regenerate after any pyproject.toml dependency change:
#   uv pip compile pyproject.toml --extra dev --universal --python-version 3.11 -o requirements.lock
#
# CI installs from this file: pip install -e . --no-deps && pip install -r requirements.lock
#
# This file was autogenerated by uv via the following command:
#    uv pip compile pyproject.toml --extra dev --universal --python-version 3.11 -o requirements.lock
annotated-doc==0.0.5
    # via fastapi
annotated-types==0.8.0
    # via pydantic
anyio==4.14.2
    # via
    #   httpx
    #   starlette
    #   watchfiles
bitarray==3.10.1
    # via eth-account
certifi==2026.7.22
    # via
    #   httpcore
    #   httpx
    #   requests
charset-normalizer==3.5.1
    # via requests
ckzg==2.1.8
    # via eth-account
click==8.5.0
    # via uvicorn
colorama==0.4.6 ; sys_platform == 'win32'
    # via pytest
cytoolz==1.1.0 ; implementation_name == 'cpython'
    # via eth-utils
eth-abi==6.0.0
    # via eth-account
eth-account==0.13.7
    # via
    #   pathiel (pyproject.toml)
    #   hyperliquid-python-sdk
eth-hash==0.8.0
    # via eth-utils
eth-keyfile==0.8.1
    # via eth-account
eth-keys==0.8.0
    # via
    #   eth-account
    #   eth-keyfile
eth-rlp==3.0.0
    # via eth-account
eth-typing==6.0.0
    # via
    #   eth-abi
    #   eth-keys
    #   eth-utils
eth-utils==5.3.1
    # via
    #   eth-abi
    #   eth-account
    #   eth-keyfile
    #   eth-keys
    #   eth-rlp
    #   hyperliquid-python-sdk
    #   rlp
fastapi==0.141.1
    # via pathiel (pyproject.toml)
h11==0.16.0
    # via
    #   httpcore
    #   uvicorn
hexbytes==2.0.0
    # via
    #   eth-account
    #   eth-rlp
httpcore==1.0.9
    # via httpx
httptools==0.8.0
    # via uvicorn
httpx==0.28.1
    # via pathiel (pyproject.toml)
hyperliquid-python-sdk==0.24.0
    # via pathiel (pyproject.toml)
idna==3.19
    # via
    #   anyio
    #   httpx
    #   requests
iniconfig==2.3.0
    # via pytest
msgpack==1.2.2
    # via
    #   pathiel (pyproject.toml)
    #   hyperliquid-python-sdk
packaging==26.3
    # via pytest
parsimonious==0.10.0
    # via eth-abi
pluggy==1.6.0
    # via pytest
prometheus-client==0.26.0
    # via pathiel (pyproject.toml)
pycryptodome==3.23.0
    # via eth-keyfile
pydantic==2.13.5
    # via
    #   pathiel (pyproject.toml)
    #   eth-account
    #   eth-utils
    #   fastapi
    #   pydantic-settings
pydantic-core==2.46.5
    # via pydantic
pydantic-settings==2.15.0
    # via pathiel (pyproject.toml)
pygments==2.21.0
    # via pytest
pytest==9.1.1
    # via pathiel (pyproject.toml)
python-dotenv==1.2.3
    # via
    #   pathiel (pyproject.toml)
    #   pydantic-settings
    #   uvicorn
pyyaml==6.0.3
    # via uvicorn
regex==2026.7.19
    # via parsimonious
requests==2.34.2
    # via hyperliquid-python-sdk
rlp==5.0.0
    # via
    #   eth-account
    #   eth-rlp
ruff==0.16.5
    # via pathiel (pyproject.toml)
starlette==1.6.0
    # via fastapi
toolz==1.1.0 ; implementation_name == 'cpython' or implementation_name == 'pypy'
    # via
    #   cytoolz
    #   eth-utils
typing-extensions==4.16.0
    # via
    #   anyio
    #   eth-typing
    #   fastapi
    #   pydantic
    #   pydantic-core
    #   starlette
    #   typing-inspection
typing-inspection==0.4.4
    # via
    #   fastapi
    #   pydantic
    #   pydantic-settings
urllib3==2.7.0
    # via requests
uvicorn==0.52.4
    # via pathiel (pyproject.toml)
uvloop==0.22.1 ; platform_python_implementation != 'PyPy' and sys_platform != 'cygwin' and sys_platform != 'win32'
    # via uvicorn
watchfiles==1.2.0
    # via uvicorn
websocket-client==1.9.0
    # via hyperliquid-python-sdk
websockets==17.1
    # via uvicorn
